{
  "name": "FrontendArchitecture",
  "lockfileVersion": 3,
  "requires": true,
  "packages": {
    "": {
      "dependencies": {
        "mobx": "^6.13.7",
        "mobx-react-lite": "^4.1.0",
        "react-router-dom": "^6.30.0"
      }
    },
    "node_modules/@remix-run/router": {
      "version": "1.23.0",
      "resolved": "https://registry.npmjs.org/@remix-run/router/-/router-1.23.0.tgz",
      "integrity": "sha512-O3rHJzAQKamUz1fvE0Qaw0xSFqsA/yafi2iqeE0pvdFtCO1viYx8QL6f3Ln/aCCTLxs68SLf0KPM9eSeM8yBnA==",
      "license": "MIT",
      "engines": {
        "node": ">=14.0.0"
      }
    },
    "node_modules/mobx": {
      "version": "6.13.7",
      "resolved": "https://registry.npmjs.org/mobx/-/mobx-6.13.7.tgz",
      "integrity": "sha512-aChaVU/DO5aRPmk1GX8L+whocagUUpBQqoPtJk+cm7UOXUk87J4PeWCh6nNmTTIfEhiR9DI/+FnA8dln/hTK7g==",
      "license": "MIT",
      "funding": {
        "type": "opencollective",
        "url": "https://opencollective.com/mobx"
      }
    },
    "node_modules/mobx-react-lite": {
      "version": "4.1.0",
      "resolved": "https://registry.npmjs.org/mobx-react-lite/-/mobx-react-lite-4.1.0.tgz",
      "integrity": "sha512-QEP10dpHHBeQNv1pks3WnHRCem2Zp636lq54M2nKO2Sarr13pL4u6diQXf65yzXUn0mkk18SyIDCm9UOJYTi1w==",
      "license": "MIT",
      "dependencies": {
        "use-sync-external-store": "^1.4.0"
      },
      "funding": {
        "type": "opencollective",
        "url": "https://opencollective.com/mobx"
      },
      "peerDependencies": {
        "mobx": "^6.9.0",
        "react": "^16.8.0 || ^17 || ^18 || ^19"
      },
      "peerDependenciesMeta": {
        "react-dom": {
          "optional": true
        },
        "react-native": {
          "optional": true
        }
      }
    },
    "node_modules/react": {
      "version": "19.1.0",
      "resolved": "https://registry.npmjs.org/react/-/react-19.1.0.tgz",
      "integrity": "sha512-FS+XFBNvn3GTAWq26joslQgWNoFu08F4kl0J4CgdNKADkdSGXQyTCnKteIAJy96Br6YbpEU1LSzV5dYtjMkMDg==",
      "license": "MIT",
      "peer": true,
      "engines": {
        "node": ">=0.10.0"
      }
    },
    "node_modules/react-dom": {
      "version": "19.1.0",
      "resolved": "https://registry.npmjs.org/react-dom/-/react-dom-19.1.0.tgz",
      "integrity": "sha512-Xs1hdnE+DyKgeHJeJznQmYMIBG3TKIHJJT95Q58nHLSrElKlGQqDTR2HQ9fx5CN/Gk6Vh/kupBTDLU11/nDk/g==",
      "license": "MIT",
      "peer": true,
      "dependencies": {
        "scheduler": "^0.26.0"
      },
      "peerDependencies": {
        "react": "^19.1.0"
      }
    },
    "node_modules/react-router": {
      "version": "6.30.0",
      "resolved": "https://registry.npmjs.org/react-router/-/react-router-6.30.0.tgz",
      "integrity": "sha512-D3X8FyH9nBcTSHGdEKurK7r8OYE1kKFn3d/CF+CoxbSHkxU7o37+Uh7eAHRXr6k2tSExXYO++07PeXJtA/dEhQ==",
      "license": "MIT",
      "dependencies": {
        "@remix-run/router": "1.23.0"
      },
      "engines": {
        "node": ">=14.0.0"
      },
      "peerDependencies": {
        "react": ">=16.8"
      }
    },
    "node_modules/react-router-dom": {
      "version": "6.30.0",
      "resolved": "https://registry.npmjs.org/react-router-dom/-/react-router-dom-6.30.0.tgz",
      "integrity": "sha512-x30B78HV5tFk8ex0ITwzC9TTZMua4jGyA9IUlH1JLQYQTFyxr/ZxwOJq7evg1JX1qGVUcvhsmQSKdPncQrjTgA==",
      "license": "MIT",
      "dependencies": {
        "@remix-run/router": "1.23.0",
        "react-router": "6.30.0"
      },
      "engines": {
        "node": ">=14.0.0"
      },
      "peerDependencies": {
        "react": ">=16.8",
        "react-dom": ">=16.8"
      }
    },
    "node_modules/scheduler": {
      "version": "0.26.0",
      "resolved": "https://registry.npmjs.org/scheduler/-/scheduler-0.26.0.tgz",
      "integrity": "sha512-NlHwttCI/l5gCPR3D1nNXtWABUmBwvZpEQiD4IXSbIDq8BzLIK/7Ir5gTFSGZDUu37K5cMNp0hFtzO38sC7gWA==",
      "license": "MIT",
      "peer": true
    },
    "node_modules/use-sync-external-store": {
      "version": "1.5.0",
      "resolved": "https://registry.npmjs.org/use-sync-external-store/-/use-sync-external-store-1.5.0.tgz",
      "integrity": "sha512-Rb46I4cGGVBmjamjphe8L/UnvJD+uPPtTkNvX5mZgqdbavhI4EbgIWJiIHXJ8bc/i9EQGPRh4DwEURJ552Do0A==",
      "license": "MIT",
      "peerDependencies": {
        "react": "^16.8.0 || ^17.0.0 || ^18.0.0 || ^19.0.0"
      }
    }
  }
}
